
Microsoft Visual Studio Solution File, Format Version 11.00
# Visual Studio 2010
Project("{FAE04EC0-301F-11D3-BF4B-00C04F79EFBC}") = "SKI-Installer", "SKI-Installer\SKI-Installer.csproj", "{c36f2a8f-40b1-4099-9da6-6136974c9222}"
EndProject
Global
	GlobalSection(SolutionConfigurationPlatforms) = preSolution
		Debug|Any CPU = Debug|Any CPU
		Release|Any CPU = Release|Any CPU
	EndGlobalSection
	GlobalSection(ProjectConfigurationPlatforms) = postSolution
		{C36F2A8F-40B1-4099-9DA6-6136974C9222}.Debug|Any CPU.ActiveCfg = Debug|Any CPU
		{C36F2A8F-40B1-4099-9DA6-6136974C9222}.Debug|Any CPU.Build.0 = Debug|Any CPU
		{C36F2A8F-40B1-4099-9DA6-6136974C9222}.Release|Any CPU.ActiveCfg = Release|Any CPU
		{C36F2A8F-40B1-4099-9DA6-6136974C9222}.Release|Any CPU.Build.0 = Release|Any CPU
	EndGlobalSection
EndGlobal
